// !$*UTF8*$!
{
	archiveVersion = 1;
	classes = {
	};
	objectVersion = 77;
	objects = {

/* Begin PBXBuildFile section */
		5D6A98C72F104FDE00BD7716 /* STTextView in Frameworks */ = {isa = PBXBuildFile; productRef = 5D6A98C62F104FDE00BD7716 /* STTextView */; };
		5D7784C72F0F7A7C008EF015 /* Markdown in Frameworks */ = {isa = PBXBuildFile; productRef = 5DC585EC2F0F76AD0050AC0B /* Markdown */; };
		5D7784C82F0F7A7C008EF015 /* Splash in Frameworks */ = {isa = PBXBuildFile; productRef = 5DC585ED2F0F76B00050AC0B /* Splash */; };
		5D7784FC2F0FA64C008EF015 /* CodeEditorView in Frameworks */ = {isa = PBXBuildFile; productRef = 5D7784FB2F0FA64C008EF015 /* CodeEditorView */; };
		5D7784FE2F0FA64C008EF015 /* LanguageSupport in Frameworks */ = {isa = PBXBuildFile; productRef = 5D7784FD2F0FA64C008EF015 /* LanguageSupport */; };
		5D7785D72F0FBDE1008EF015 /* (null) in Frameworks */ = {isa = PBXBuildFile; };
		8C8FF1A7AF5F40E0B9C5073D /* MarkdownUI in Frameworks */ = {isa = PBXBuildFile; productRef = 8C8FF1A7AF5F40E0B9C5073C /* MarkdownUI */; };
/* End PBXBuildFile section */

/* Begin PBXContainerItemProxy section */
		6378F0F62F0F0D0800677FA7 /* PBXContainerItemProxy */ = {
			isa = PBXContainerItemProxy;
			containerPortal = 6378F0E02F0F0D0700677FA7 /* Project object */;
			proxyType = 1;
			remoteGlobalIDString = 6378F0E72F0F0D0700677FA7;
			remoteInfo = Drift;
		};
		6378F1002F0F0D0800677FA7 /* PBXContainerItemProxy */ = {
			isa = PBXContainerItemProxy;
			containerPortal = 6378F0E02F0F0D0700677FA7 /* Project object */;
			proxyType = 1;
			remoteGlobalIDString = 6378F0E72F0F0D0700677FA7;
			remoteInfo = Drift;
		};
/* End PBXContainerItemProxy section */

/* Begin PBXFileReference section */
		6378F0E82F0F0D0700677FA7 /* Drift.app */ = {isa = PBXFileReference; explicitFileType = wrapper.application; includeInIndex = 0; path = Drift.app; sourceTree = BUILT_PRODUCTS_DIR; };
		6378F0F52F0F0D0800677FA7 /* DriftTests.xctest */ = {isa = PBXFileReference; explicitFileType = wrapper.cfbundle; includeInIndex = 0; path = DriftTests.xctest; sourceTree = BUILT_PRODUCTS_DIR; };
		6378F0FF2F0F0D0800677FA7 /* DriftUITests.xctest */ = {isa = PBXFileReference; explicitFileType = wrapper.cfbundle; includeInIndex = 0; path = DriftUITests.xctest; sourceTree = BUILT_PRODUCTS_DIR; };
/* End PBXFileReference section */

/* Begin PBXFileSystemSynchronizedRootGroup section */
		6378F0EA2F0F0D0700677FA7 /* Drift */ = {
			isa = PBXFileSystemSynchronizedRootGroup;
			path = Drift;
			sourceTree = "<group>";
		};
		6378F0F82F0F0D0800677FA7 /* DriftTests */ = {
			isa = PBXFileSystemSynchronizedRootGroup;
			path = DriftTests;
			sourceTree = "<group>";
		};
		6378F1022F0F0D0800677FA7 /* DriftUITests */ = {
			isa = PBXFileSystemSynchronizedRootGroup;
			path = DriftUITests;
			sourceTree = "<group>";
		};
/* End PBXFileSystemSynchronizedRootGroup section */

/* Begin PBXFrameworksBuildPhase section */
		6378F0E52F0F0D0700677FA7 /* Frameworks */ = {
			isa = PBXFrameworksBuildPhase;
			buildActionMask = 2147483647;
			files = (
				5D7785D72F0FBDE1008EF015 /* (null) in Frameworks */,
				5D7784FE2F0FA64C008EF015 /* LanguageSupport in Frameworks */,
				5D7784FC2F0FA64C008EF015 /* CodeEditorView in Frameworks */,
				5D7784C82F0F7A7C008EF015 /* Splash in Frameworks */,
				5D7784C72F0F7A7C008EF015 /* Markdown in Frameworks */,
				5D6A98C72F104FDE00BD7716 /* STTextView in Frameworks */,
				8C8FF1A7AF5F40E0B9C5073D /* MarkdownUI in Frameworks */,
			);
			runOnlyForDeploymentPostprocessing = 0;
		};
		6378F0F22F0F0D0800677FA7 /* Frameworks */ = {
			isa = PBXFrameworksBuildPhase;
			buildActionMask = 2147483647;
			files = (
			);
			runOnlyForDeploymentPostprocessing = 0;
		};
		6378F0FC2F0F0D0800677FA7 /* Frameworks */ = {
			isa = PBXFrameworksBuildPhase;
			buildActionMask = 2147483647;
			files = (
			);
			runOnlyForDeploymentPostprocessing = 0;
		};
/* End PBXFrameworksBuildPhase section */

/* Begin PBXGroup section */
		5D6A98C52F104FDE00BD7716 /* Frameworks */ = {
			isa = PBXGroup;
			children = (
			);
			name = Frameworks;
			sourceTree = "<group>";
		};
		6378F0DF2F0F0D0700677FA7 = {
			isa = PBXGroup;
			children = (
				6378F0EA2F0F0D0700677FA7 /* Drift */,
				6378F0F82F0F0D0800677FA7 /* DriftTests */,
				6378F1022F0F0D0800677FA7 /* DriftUITests */,
				5D6A98C52F104FDE00BD7716 /* Frameworks */,
				6378F0E92F0F0D0700677FA7 /* Products */,
			);
			sourceTree = "<group>";
		};
		6378F0E92F0F0D0700677FA7 /* Products */ = {
			isa = PBXGroup;
			children = (
				6378F0E82F0F0D0700677FA7 /* Drift.app */,
				6378F0F52F0F0D0800677FA7 /* DriftTests.xctest */,
				6378F0FF2F0F0D0800677FA7 /* DriftUITests.xctest */,
			);
			name = Products;
			sourceTree = "<group>";
		};
/* End PBXGroup section */

/* Begin PBXNativeTarget section */
		6378F0E72F0F0D0700677FA7 /* Drift */ = {
			isa = PBXNativeTarget;
			buildConfigurationList = 6378F1092F0F0D0800677FA7 /* Build configuration list for PBXNativeTarget "Drift" */;
			buildPhases = (
				6378F0E42F0F0D0700677FA7 /* Sources */,
				6378F0E52F0F0D0700677FA7 /* Frameworks */,
				6378F0E62F0F0D0700677FA7 /* Resources */,
			);
			buildRules = (
			);
			dependencies = (
			);
			fileSystemSynchronizedGroups = (
				6378F0EA2F0F0D0700677FA7 /* Drift */,
			);
			name = Drift;
			packageProductDependencies = (
				5DC585EC2F0F76AD0050AC0B /* Markdown */,
				5DC585ED2F0F76B00050AC0B /* Splash */,
				5D7784FB2F0FA64C008EF015 /* CodeEditorView */,
				5D7784FD2F0FA64C008EF015 /* LanguageSupport */,
				8C8FF1A7AF5F40E0B9C5073C /* MarkdownUI */,
				5D6A98C62F104FDE00BD7716 /* STTextView */,
			);
			productName = Drift;
			productReference = 6378F0E82F0F0D0700677FA7 /* Drift.app */;
			productType = "com.apple.product-type.application";
		};
		6378F0F42F0F0D0800677FA7 /* DriftTests */ = {
			isa = PBXNativeTarget;
			buildConfigurationList = 6378F10C2F0F0D0800677FA7 /* Build configuration list for PBXNativeTarget "DriftTests" */;
			buildPhases = (
				6378F0F12F0F0D0800677FA7 /* Sources */,
				6378F0F22F0F0D0800677FA7 /* Frameworks */,
				6378F0F32F0F0D0800677FA7 /* Resources */,
			);
			buildRules = (
			);
			dependencies = (
				6378F0F72F0F0D0800677FA7 /* PBXTargetDependency */,
			);
			fileSystemSynchronizedGroups = (
				6378F0F82F0F0D0800677FA7 /* DriftTests */,
			);
			name = DriftTests;
			packageProductDependencies = (
			);
			productName = DriftTests;
			productReference = 6378F0F52F0F0D0800677FA7 /* DriftTests.xctest */;
			productType = "com.apple.product-type.bundle.unit-test";
		};
		6378F0FE2F0F0D0800677FA7 /* DriftUITests */ = {
			isa = PBXNativeTarget;
			buildConfigurationList = 6378F10F2F0F0D0800677FA7 /* Build configuration list for PBXNativeTarget "DriftUITests" */;
			buildPhases = (
				6378F0FB2F0F0D0800677FA7 /* Sources */,
				6378F0FC2F0F0D0800677FA7 /* Frameworks */,
				6378F0FD2F0F0D0800677FA7 /* Resources */,
			);
			buildRules = (
			);
			dependencies = (
				6378F1012F0F0D0800677FA7 /* PBXTargetDependency */,
			);
			fileSystemSynchronizedGroups = (
				6378F1022F0F0D0800677FA7 /* DriftUITests */,
			);
			name = DriftUITests;
			packageProductDependencies = (
			);
			productName = DriftUITests;
			productReference = 6378F0FF2F0F0D0800677FA7 /* DriftUITests.xctest */;
			productType = "com.apple.product-type.bundle.ui-testing";
		};
/* End PBXNativeTarget section */

/* Begin PBXProject section */
		6378F0E02F0F0D0700677FA7 /* Project object */ = {
			isa = PBXProject;
			attributes = {
				BuildIndependentTargetsInParallel = 1;
				LastSwiftUpdateCheck = 2600;
				LastUpgradeCheck = 2600;
				TargetAttributes = {
					6378F0E72F0F0D0700677FA7 = {
						CreatedOnToolsVersion = 26.0.1;
					};
					6378F0F42F0F0D0800677FA7 = {
						CreatedOnToolsVersion = 26.0.1;
						TestTargetID = 6378F0E72F0F0D0700677FA7;
					};
					6378F0FE2F0F0D0800677FA7 = {
						CreatedOnToolsVersion = 26.0.1;
						TestTargetID = 6378F0E72F0F0D0700677FA7;
					};
				};
			};
			buildConfigurationList = 6378F0E32F0F0D0700677FA7 /* Build configuration list for PBXProject "Drift" */;
			developmentRegion = en;
			hasScannedForEncodings = 0;
			knownRegions = (
				en,
				Base,
			);
			mainGroup = 6378F0DF2F0F0D0700677FA7;
			minimizedProjectReferenceProxies = 1;
			packageReferences = (
				5DC585EA2F0F55600050AC0B /* XCRemoteSwiftPackageReference "Splash" */,
				5DC585EB2F0F769C0050AC0B /* XCRemoteSwiftPackageReference "swift-markdown" */,
				5D7784FA2F0FA64C008EF015 /* XCRemoteSwiftPackageReference "CodeEditorView" */,
				5D7784FF2F0FADA1008EF015 /* XCRemoteSwiftPackageReference "swift-markdown-ui" */,
				5D7785D62F0FBDE1008EF015 /* XCRemoteSwiftPackageReference "STTextView" */,
			);
			preferredProjectObjectVersion = 77;
			productRefGroup = 6378F0E92F0F0D0700677FA7 /* Products */;
			projectDirPath = "";
			projectRoot = "";
			targets = (
				6378F0E72F0F0D0700677FA7 /* Drift */,
				6378F0F42F0F0D0800677FA7 /* DriftTests */,
				6378F0FE2F0F0D0800677FA7 /* DriftUITests */,
			);
		};
/* End PBXProject section */

/* Begin PBXResourcesBuildPhase section */
		6378F0E62F0F0D0700677FA7 /* Resources */ = {
			isa = PBXResourcesBuildPhase;
			buildActionMask = 2147483647;
			files = (
			);
			runOnlyForDeploymentPostprocessing = 0;
		};
		6378F0F32F0F0D0800677FA7 /* Resources */ = {
			isa = PBXResourcesBuildPhase;
			buildActionMask = 2147483647;
			files = (
			);
			runOnlyForDeploymentPostprocessing = 0;
		};
		6378F0FD2F0F0D0800677FA7 /* Resources */ = {
			isa = PBXResourcesBuildPhase;
			buildActionMask = 2147483647;
			files = (
			);
			runOnlyForDeploymentPostprocessing = 0;
		};
/* End PBXResourcesBuildPhase section */

/* Begin PBXSourcesBuildPhase section */
		6378F0E42F0F0D0700677FA7 /* Sources */ = {
			isa = PBXSourcesBuildPhase;
			buildActionMask = 2147483647;
			files = (
			);
			runOnlyForDeploymentPostprocessing = 0;
		};
		6378F0F12F0F0D0800677FA7 /* Sources */ = {
			isa = PBXSourcesBuildPhase;
			buildActionMask = 2147483647;
			files = (
			);
			runOnlyForDeploymentPostprocessing = 0;
		};
		6378F0FB2F0F0D0800677FA7 /* Sources */ = {
			isa = PBXSourcesBuildPhase;
			buildActionMask = 2147483647;
			files = (
			);
			runOnlyForDeploymentPostprocessing = 0;
		};
/* End PBXSourcesBuildPhase section */

/* Begin PBXTargetDependency section */
		6378F0F72F0F0D0800677FA7 /* PBXTargetDependency */ = {
			isa = PBXTargetDependency;
			target = 6378F0E72F0F0D0700677FA7 /* Drift */;
			targetProxy = 6378F0F62F0F0D0800677FA7 /* PBXContainerItemProxy */;
		};
		6378F1012F0F0D0800677FA7 /* PBXTargetDependency */ = {
			isa = PBXTargetDependency;
			target = 6378F0E72F0F0D0700677FA7 /* Drift */;
			targetProxy = 6378F1002F0F0D0800677FA7 /* PBXContainerItemProxy */;
		};
/* End PBXTargetDependency section */

/* Begin XCBuildConfiguration section */
		6378F1072F0F0D0800677FA7 /* Debug */ = {
			isa = XCBuildConfiguration;
			buildSettings = {
				ALWAYS_SEARCH_USER_PATHS = NO;
				ASSETCATALOG_COMPILER_GENERATE_SWIFT_ASSET_SYMBOL_EXTENSIONS = YES;
				CLANG_ANALYZER_NONNULL = YES;
				CLANG_ANALYZER_NUMBER_OBJECT_CONVERSION = YES_AGGRESSIVE;
				CLANG_CXX_LANGUAGE_STANDARD = "gnu++20";
				CLANG_ENABLE_MODULES = YES;
				CLANG_ENABLE_OBJC_ARC = YES;
				CLANG_ENABLE_OBJC_WEAK = YES;
				CLANG_WARN_BLOCK_CAPTURE_AUTORELEASING = YES;
				CLANG_WARN_BOOL_CONVERSION = YES;
				CLANG_WARN_COMMA = YES;
				CLANG_WARN_CONSTANT_CONVERSION = YES;
				CLANG_WARN_DEPRECATED_OBJC_IMPLEMENTATIONS = YES;
				CLANG_WARN_DIRECT_OBJC_ISA_USAGE = YES_ERROR;
				CLANG_WARN_DOCUMENTATION_COMMENTS = YES;
				CLANG_WARN_EMPTY_BODY = YES;
				CLANG_WARN_ENUM_CONVERSION = YES;
				CLANG_WARN_INFINITE_RECURSION = YES;
				CLANG_WARN_INT_CONVERSION = YES;
				CLANG_WARN_NON_LITERAL_NULL_CONVERSION = YES;
				CLANG_WARN_OBJC_IMPLICIT_RETAIN_SELF = YES;
				CLANG_WARN_OBJC_LITERAL_CONVERSION = YES;
				CLANG_WARN_OBJC_ROOT_CLASS = YES_ERROR;
				CLANG_WARN_QUOTED_INCLUDE_IN_FRAMEWORK_HEADER = YES;
				CLANG_WARN_RANGE_LOOP_ANALYSIS = YES;
				CLANG_WARN_STRICT_PROTOTYPES = YES;
				CLANG_WARN_SUSPICIOUS_MOVE = YES;
				CLANG_WARN_UNGUARDED_AVAILABILITY = YES_AGGRESSIVE;
				CLANG_WARN_UNREACHABLE_CODE = YES;
				CLANG_WARN__DUPLICATE_METHOD_MATCH = YES;
				COPY_PHASE_STRIP = NO;
				DEBUG_INFORMATION_FORMAT = dwarf;
				DEVELOPMENT_TEAM = JQGLSTGDVX;
				ENABLE_STRICT_OBJC_MSGSEND = YES;
				ENABLE_TESTABILITY = YES;
				ENABLE_USER_SCRIPT_SANDBOXING = YES;
				GCC_C_LANGUAGE_STANDARD = gnu17;
				GCC_DYNAMIC_NO_PIC = NO;
				GCC_NO_COMMON_BLOCKS = YES;
				GCC_OPTIMIZATION_LEVEL = 0;
				GCC_PREPROCESSOR_DEFINITIONS = (
					"DEBUG=1",
					"$(inherited)",
				);
				GCC_WARN_64_TO_32_BIT_CONVERSION = YES;
				GCC_WARN_ABOUT_RETURN_TYPE = YES_ERROR;
				GCC_WARN_UNDECLARED_SELECTOR = YES;
				GCC_WARN_UNINITIALIZED_AUTOS = YES_AGGRESSIVE;
				GCC_WARN_UNUSED_FUNCTION = YES;
				GCC_WARN_UNUSED_VARIABLE = YES;
				LOCALIZATION_PREFERS_STRING_CATALOGS = YES;
				MACOSX_DEPLOYMENT_TARGET = 26.0;
				MTL_ENABLE_DEBUG_INFO = INCLUDE_SOURCE;
				MTL_FAST_MATH = YES;
				ONLY_ACTIVE_ARCH = YES;
				SDKROOT = macosx;
				SWIFT_ACTIVE_COMPILATION_CONDITIONS = "DEBUG $(inherited)";
				SWIFT_OPTIMIZATION_LEVEL = "-Onone";
			};
			name = Debug;
		};
		6378F1082F0F0D0800677FA7 /* Release */ = {
			isa = XCBuildConfiguration;
			buildSettings = {
				ALWAYS_SEARCH_USER_PATHS = NO;
				ASSETCATALOG_COMPILER_GENERATE_SWIFT_ASSET_SYMBOL_EXTENSIONS = YES;
				CLANG_ANALYZER_NONNULL = YES;
				CLANG_ANALYZER_NUMBER_OBJECT_CONVERSION = YES_AGGRESSIVE;
				CLANG_CXX_LANGUAGE_STANDARD = "gnu++20";
				CLANG_ENABLE_MODULES = YES;
				CLANG_ENABLE_OBJC_ARC = YES;
				CLANG_ENABLE_OBJC_WEAK = YES;
				CLANG_WARN_BLOCK_CAPTURE_AUTORELEASING = YES;
				CLANG_WARN_BOOL_CONVERSION = YES;
				CLANG_WARN_COMMA = YES;
				CLANG_WARN_CONSTANT_CONVERSION = YES;
				CLANG_WARN_DEPRECATED_OBJC_IMPLEMENTATIONS = YES;
				CLANG_WARN_DIRECT_OBJC_ISA_USAGE = YES_ERROR;
				CLANG_WARN_DOCUMENTATION_COMMENTS = YES;
				CLANG_WARN_EMPTY_BODY = YES;
				CLANG_WARN_ENUM_CONVERSION = YES;
				CLANG_WARN_INFINITE_RECURSION = YES;
				CLANG_WARN_INT_CONVERSION = YES;
				CLANG_WARN_NON_LITERAL_NULL_CONVERSION = YES;
				CLANG_WARN_OBJC_IMPLICIT_RETAIN_SELF = YES;
				CLANG_WARN_OBJC_LITERAL_CONVERSION = YES;
				CLANG_WARN_OBJC_ROOT_CLASS = YES_ERROR;
				CLANG_WARN_QUOTED_INCLUDE_IN_FRAMEWORK_HEADER = YES;
				CLANG_WARN_RANGE_LOOP_ANALYSIS = YES;
				CLANG_WARN_STRICT_PROTOTYPES = YES;
				CLANG_WARN_SUSPICIOUS_MOVE = YES;
				CLANG_WARN_UNGUARDED_AVAILABILITY = YES_AGGRESSIVE;
				CLANG_WARN_UNREACHABLE_CODE = YES;
				CLANG_WARN__DUPLICATE_METHOD_MATCH = YES;
				COPY_PHASE_STRIP = NO;
				DEBUG_INFORMATION_FORMAT = "dwarf-with-dsym";
				DEVELOPMENT_TEAM = JQGLSTGDVX;
				ENABLE_NS_ASSERTIONS = NO;
				ENABLE_STRICT_OBJC_MSGSEND = YES;
				ENABLE_USER_SCRIPT_SANDBOXING = YES;
				GCC_C_LANGUAGE_STANDARD = gnu17;
				GCC_NO_COMMON_BLOCKS = YES;
				GCC_WARN_64_TO_32_BIT_CONVERSION = YES;
				GCC_WARN_ABOUT_RETURN_TYPE = YES_ERROR;
				GCC_WARN_UNDECLARED_SELECTOR = YES;
				GCC_WARN_UNINITIALIZED_AUTOS = YES_AGGRESSIVE;
				GCC_WARN_UNUSED_FUNCTION = YES;
				GCC_WARN_UNUSED_VARIABLE = YES;
				LOCALIZATION_PREFERS_STRING_CATALOGS = YES;
				MACOSX_DEPLOYMENT_TARGET = 26.0;
				MTL_ENABLE_DEBUG_INFO = NO;
				MTL_FAST_MATH = YES;
				SDKROOT = macosx;
				SWIFT_COMPILATION_MODE = wholemodule;
			};
			name = Release;
		};
		6378F10A2F0F0D0800677FA7 /* Debug */ = {
			isa = XCBuildConfiguration;
			buildSettings = {
				ASSETCATALOG_COMPILER_APPICON_NAME = AppIcon;
				ASSETCATALOG_COMPILER_GLOBAL_ACCENT_COLOR_NAME = AccentColor;
				CODE_SIGN_STYLE = Automatic;
				COMBINE_HIDPI_IMAGES = YES;
				CURRENT_PROJECT_VERSION = 1;
				DEVELOPMENT_TEAM = "";
				ENABLE_APP_SANDBOX = YES;
				ENABLE_HARDENED_RUNTIME = YES;
				ENABLE_PREVIEWS = YES;
				ENABLE_USER_SELECTED_FILES = readonly;
				GENERATE_INFOPLIST_FILE = YES;
				INFOPLIST_KEY_NSHumanReadableCopyright = "";
				LD_RUNPATH_SEARCH_PATHS = (
					"$(inherited)",
					"@executable_path/../Frameworks",
				);
				MARKETING_VERSION = 1.0;
				PRODUCT_BUNDLE_IDENTIFIER = david.Drift;
				PRODUCT_NAME = "$(TARGET_NAME)";
				REGISTER_APP_GROUPS = YES;
				STRING_CATALOG_GENERATE_SYMBOLS = YES;
				SWIFT_APPROACHABLE_CONCURRENCY = YES;
				SWIFT_DEFAULT_ACTOR_ISOLATION = MainActor;
				SWIFT_EMIT_LOC_STRINGS = YES;
				SWIFT_UPCOMING_FEATURE_MEMBER_IMPORT_VISIBILITY = YES;
				SWIFT_VERSION = 5.0;
			};
			name = Debug;
		};
		6378F10B2F0F0D0800677FA7 /* Release */ = {
			isa = XCBuildConfiguration;
			buildSettings = {
				ASSETCATALOG_COMPILER_APPICON_NAME = AppIcon;
				ASSETCATALOG_COMPILER_GLOBAL_ACCENT_COLOR_NAME = AccentColor;
				CODE_SIGN_STYLE = Automatic;
				COMBINE_HIDPI_IMAGES = YES;
				CURRENT_PROJECT_VERSION = 1;
				DEVELOPMENT_TEAM = "";
				ENABLE_APP_SANDBOX = YES;
				ENABLE_HARDENED_RUNTIME = YES;
				ENABLE_PREVIEWS = YES;
				ENABLE_USER_SELECTED_FILES = readonly;
				GENERATE_INFOPLIST_FILE = YES;
				INFOPLIST_KEY_NSHumanReadableCopyright = "";
				LD_RUNPATH_SEARCH_PATHS = (
					"$(inherited)",
					"@executable_path/../Frameworks",
				);
				MARKETING_VERSION = 1.0;
				PRODUCT_BUNDLE_IDENTIFIER = david.Drift;
				PRODUCT_NAME = "$(TARGET_NAME)";
				REGISTER_APP_GROUPS = YES;
				STRING_CATALOG_GENERATE_SYMBOLS = YES;
				SWIFT_APPROACHABLE_CONCURRENCY = YES;
				SWIFT_DEFAULT_ACTOR_ISOLATION = MainActor;
				SWIFT_EMIT_LOC_STRINGS = YES;
				SWIFT_UPCOMING_FEATURE_MEMBER_IMPORT_VISIBILITY = YES;
				SWIFT_VERSION = 5.0;
			};
			name = Release;
		};
		6378F10D2F0F0D0800677FA7 /* Debug */ = {
			isa = XCBuildConfiguration;
			buildSettings = {
				BUNDLE_LOADER = "$(TEST_HOST)";
				CODE_SIGN_STYLE = Automatic;
				CURRENT_PROJECT_VERSION = 1;
				DEVELOPMENT_TEAM = JQGLSTGDVX;
				GENERATE_INFOPLIST_FILE = YES;
				MACOSX_DEPLOYMENT_TARGET = 26.0;
				MARKETING_VERSION = 1.0;
				PRODUCT_BUNDLE_IDENTIFIER = david.DriftTests;
				PRODUCT_NAME = "$(TARGET_NAME)";
				STRING_CATALOG_GENERATE_SYMBOLS = NO;
				SWIFT_APPROACHABLE_CONCURRENCY = YES;
				SWIFT_EMIT_LOC_STRINGS = NO;
				SWIFT_UPCOMING_FEATURE_MEMBER_IMPORT_VISIBILITY = YES;
				SWIFT_VERSION = 5.0;
				TEST_HOST = "$(BUILT_PRODUCTS_DIR)/Drift.app/$(BUNDLE_EXECUTABLE_FOLDER_PATH)/Drift";
			};
			name = Debug;
		};
		6378F10E2F0F0D0800677FA7 /* Release */ = {
			isa = XCBuildConfiguration;
			buildSettings = {
				BUNDLE_LOADER = "$(TEST_HOST)";
				CODE_SIGN_STYLE = Automatic;
				CURRENT_PROJECT_VERSION = 1;
				DEVELOPMENT_TEAM = JQGLSTGDVX;
				GENERATE_INFOPLIST_FILE = YES;
				MACOSX_DEPLOYMENT_TARGET = 26.0;
				MARKETING_VERSION = 1.0;
				PRODUCT_BUNDLE_IDENTIFIER = david.DriftTests;
				PRODUCT_NAME = "$(TARGET_NAME)";
				STRING_CATALOG_GENERATE_SYMBOLS = NO;
				SWIFT_APPROACHABLE_CONCURRENCY = YES;
				SWIFT_EMIT_LOC_STRINGS = NO;
				SWIFT_UPCOMING_FEATURE_MEMBER_IMPORT_VISIBILITY = YES;
				SWIFT_VERSION = 5.0;
				TEST_HOST = "$(BUILT_PRODUCTS_DIR)/Drift.app/$(BUNDLE_EXECUTABLE_FOLDER_PATH)/Drift";
			};
			name = Release;
		};
		6378F1102F0F0D0800677FA7 /* Debug */ = {
			isa = XCBuildConfiguration;
			buildSettings = {
				CODE_SIGN_STYLE = Automatic;
				CURRENT_PROJECT_VERSION = 1;
				DEVELOPMENT_TEAM = JQGLSTGDVX;
				GENERATE_INFOPLIST_FILE = YES;
				MARKETING_VERSION = 1.0;
				PRODUCT_BUNDLE_IDENTIFIER = david.DriftUITests;
				PRODUCT_NAME = "$(TARGET_NAME)";
				STRING_CATALOG_GENERATE_SYMBOLS = NO;
				SWIFT_APPROACHABLE_CONCURRENCY = YES;
				SWIFT_EMIT_LOC_STRINGS = NO;
				SWIFT_UPCOMING_FEATURE_MEMBER_IMPORT_VISIBILITY = YES;
				SWIFT_VERSION = 5.0;
				TEST_TARGET_NAME = Drift;
			};
			name = Debug;
		};
		6378F1112F0F0D0800677FA7 /* Release */ = {
			isa = XCBuildConfiguration;
			buildSettings = {
				CODE_SIGN_STYLE = Automatic;
				CURRENT_PROJECT_VERSION = 1;
				DEVELOPMENT_TEAM = JQGLSTGDVX;
				GENERATE_INFOPLIST_FILE = YES;
				MARKETING_VERSION = 1.0;
				PRODUCT_BUNDLE_IDENTIFIER = david.DriftUITests;
				PRODUCT_NAME = "$(TARGET_NAME)";
				STRING_CATALOG_GENERATE_SYMBOLS = NO;
				SWIFT_APPROACHABLE_CONCURRENCY = YES;
				SWIFT_EMIT_LOC_STRINGS = NO;
				SWIFT_UPCOMING_FEATURE_MEMBER_IMPORT_VISIBILITY = YES;
				SWIFT_VERSION = 5.0;
				TEST_TARGET_NAME = Drift;
			};
			name = Release;
		};
/* End XCBuildConfiguration section */

/* Begin XCConfigurationList section */
		6378F0E32F0F0D0700677FA7 /* Build configuration list for PBXProject "Drift" */ = {
			isa = XCConfigurationList;
			buildConfigurations = (
				6378F1072F0F0D0800677FA7 /* Debug */,
				6378F1082F0F0D0800677FA7 /* Release */,
			);
			defaultConfigurationIsVisible = 0;
			defaultConfigurationName = Release;
		};
		6378F1092F0F0D0800677FA7 /* Build configuration list for PBXNativeTarget "Drift" */ = {
			isa = XCConfigurationList;
			buildConfigurations = (
				6378F10A2F0F0D0800677FA7 /* Debug */,
				6378F10B2F0F0D0800677FA7 /* Release */,
			);
			defaultConfigurationIsVisible = 0;
			defaultConfigurationName = Release;
		};
		6378F10C2F0F0D0800677FA7 /* Build configuration list for PBXNativeTarget "DriftTests" */ = {
			isa = XCConfigurationList;
			buildConfigurations = (
				6378F10D2F0F0D0800677FA7 /* Debug */,
				6378F10E2F0F0D0800677FA7 /* Release */,
			);
			defaultConfigurationIsVisible = 0;
			defaultConfigurationName = Release;
		};
		6378F10F2F0F0D0800677FA7 /* Build configuration list for PBXNativeTarget "DriftUITests" */ = {
			isa = XCConfigurationList;
			buildConfigurations = (
				6378F1102F0F0D0800677FA7 /* Debug */,
				6378F1112F0F0D0800677FA7 /* Release */,
			);
			defaultConfigurationIsVisible = 0;
			defaultConfigurationName = Release;
		};
/* End XCConfigurationList section */

/* Begin XCRemoteSwiftPackageReference section */
		5D7784FA2F0FA64C008EF015 /* XCRemoteSwiftPackageReference "CodeEditorView" */ = {
			isa = XCRemoteSwiftPackageReference;
			repositoryURL = "https://github.com/mchakravarty/CodeEditorView";
			requirement = {
				kind = upToNextMajorVersion;
				minimumVersion = 0.15.4;
			};
		};
		5D7784FF2F0FADA1008EF015 /* XCRemoteSwiftPackageReference "swift-markdown-ui" */ = {
			isa = XCRemoteSwiftPackageReference;
			repositoryURL = "https://github.com/gonzalezreal/swift-markdown-ui";
			requirement = {
				kind = upToNextMajorVersion;
				minimumVersion = 2.4.1;
			};
		};
		5D7785D62F0FBDE1008EF015 /* XCRemoteSwiftPackageReference "STTextView" */ = {
			isa = XCRemoteSwiftPackageReference;
			repositoryURL = "https://github.com/krzyzanowskim/STTextView";
			requirement = {
				kind = upToNextMajorVersion;
				minimumVersion = 2.3.4;
			};
		};
		5DC585EA2F0F55600050AC0B /* XCRemoteSwiftPackageReference "Splash" */ = {
			isa = XCRemoteSwiftPackageReference;
			repositoryURL = "https://github.com/JohnSundell/Splash.git";
			requirement = {
				kind = upToNextMajorVersion;
				minimumVersion = 0.16.0;
			};
		};
		5DC585EB2F0F769C0050AC0B /* XCRemoteSwiftPackageReference "swift-markdown" */ = {
			isa = XCRemoteSwiftPackageReference;
			repositoryURL = "https://github.com/swiftlang/swift-markdown";
			requirement = {
				kind = upToNextMajorVersion;
				minimumVersion = 0.7.3;
			};
		};
/* End XCRemoteSwiftPackageReference section */

/* Begin XCSwiftPackageProductDependency section */
		5D6A98C62F104FDE00BD7716 /* STTextView */ = {
			isa = XCSwiftPackageProductDependency;
			package = 5D7785D62F0FBDE1008EF015 /* XCRemoteSwiftPackageReference "STTextView" */;
			productName = STTextView;
		};
		5D7784FB2F0FA64C008EF015 /* CodeEditorView */ = {
			isa = XCSwiftPackageProductDependency;
			package = 5D7784FA2F0FA64C008EF015 /* XCRemoteSwiftPackageReference "CodeEditorView" */;
			productName = CodeEditorView;
		};
		5D7784FD2F0FA64C008EF015 /* LanguageSupport */ = {
			isa = XCSwiftPackageProductDependency;
			package = 5D7784FA2F0FA64C008EF015 /* XCRemoteSwiftPackageReference "CodeEditorView" */;
			productName = LanguageSupport;
		};
		5DC585EC2F0F76AD0050AC0B /* Markdown */ = {
			isa = XCSwiftPackageProductDependency;
			package = 5DC585EB2F0F769C0050AC0B /* XCRemoteSwiftPackageReference "swift-markdown" */;
			productName = Markdown;
		};
		5DC585ED2F0F76B00050AC0B /* Splash */ = {
			isa = XCSwiftPackageProductDependency;
			package = 5DC585EA2F0F55600050AC0B /* XCRemoteSwiftPackageReference "Splash" */;
			productName = Splash;
		};
		8C8FF1A7AF5F40E0B9C5073C /* MarkdownUI */ = {
			isa = XCSwiftPackageProductDependency;
			package = 5D7784FF2F0FADA1008EF015 /* XCRemoteSwiftPackageReference "swift-markdown-ui" */;
			productName = MarkdownUI;
		};
/* End XCSwiftPackageProductDependency section */
	};
	rootObject = 6378F0E02F0F0D0700677FA7 /* Project object */;
}
